
Microsoft Visual Studio Solution File, Format Version 12.00
# Visual Studio 15
VisualStudioVersion = 15.0.27130.2020
MinimumVisualStudioVersion = 10.0.40219.1
Project("{2150E333-8FDC-42A3-9474-1A3956D46DE8}") = "API", "API", "{9390DAFA-A879-47E8-86D1-137B12F0A809}"
EndProject
Project("{2150E333-8FDC-42A3-9474-1A3956D46DE8}") = "Core", "Core", "{8C39B595-BC5D-4819-9F36-85E9E49D9933}"
EndProject
Project("{2150E333-8FDC-42A3-9474-1A3956D46DE8}") = "Test", "Test", "{34A5C66D-2B86-4B1B-A97C-CD2E2D4B2E52}"
EndProject
Project("{9A19103F-16F7-4668-BE54-9A1E7A4F7556}") = "AktuelListesi.API", "AktuelListesi.API\AktuelListesi.API.csproj", "{72EB9C89-22B2-4630-BDA6-1596772BD4AD}"
EndProject
Project("{9A19103F-16F7-4668-BE54-9A1E7A4F7556}") = "AktuelListesi.Data", "AktuelListesi.Data\AktuelListesi.Data.csproj", "{976B6C36-A917-4F6F-898A-AFF4A3074A82}"
EndProject
Project("{9A19103F-16F7-4668-BE54-9A1E7A4F7556}") = "AktuelListesi.Repository", "AktuelListesi.Repository\AktuelListesi.Repository.csproj", "{3706E9E9-137E-4ABB-84BC-B5290E74340F}"
EndProject
Project("{2150E333-8FDC-42A3-9474-1A3956D46DE8}") = "Crawler", "Crawler", "{3064E687-C896-4DA7-9576-021AF60EE0FF}"
EndProject
Project("{9A19103F-16F7-4668-BE54-9A1E7A4F7556}") = "AktuelListesi.Crawler", "AktuelListesi.Crawler\AktuelListesi.Crawler.csproj", "{AB852B8E-940D-4E91-93C5-A8180EB65F6B}"
EndProject
Project("{9A19103F-16F7-4668-BE54-9A1E7A4F7556}") = "AktuelListesi.AppService", "AktuelListesi.AppService\AktuelListesi.AppService.csproj", "{F4F9E77D-5A92-4268-BB4F-77B22BD22B72}"
EndProject
Project("{2150E333-8FDC-42A3-9474-1A3956D46DE8}") = "AppService", "AppService", "{D5565416-A8FB-495A-A4C6-C39612DF00C4}"
EndProject
Project("{9A19103F-16F7-4668-BE54-9A1E7A4F7556}") = "AktuelListesi.Models", "AktuelListesi.Models\AktuelListesi.Models.csproj", "{E8E86C66-A3DD-421A-B0F4-6305BAB162B4}"
EndProject
Project("{9A19103F-16F7-4668-BE54-9A1E7A4F7556}") = "AktuelListesi.DataService", "AktuelListesi.DataService\AktuelListesi.DataService.csproj", "{9D8A97D1-9C7F-4B9B-92CE-D8B5B5D3A88B}"
EndProject
Project("{2150E333-8FDC-42A3-9474-1A3956D46DE8}") = "Functions", "Functions", "{F7746A31-50E7-495C-9BDB-2DC7C9F4C6B0}"
EndProject
Global
	GlobalSection(SolutionConfigurationPlatforms) = preSolution
		Debug|Any CPU = Debug|Any CPU
		Release|Any CPU = Release|Any CPU
	EndGlobalSection
	GlobalSection(ProjectConfigurationPlatforms) = postSolution
		{72EB9C89-22B2-4630-BDA6-1596772BD4AD}.Debug|Any CPU.ActiveCfg = Debug|Any CPU
		{72EB9C89-22B2-4630-BDA6-1596772BD4AD}.Debug|Any CPU.Build.0 = Debug|Any CPU
		{72EB9C89-22B2-4630-BDA6-1596772BD4AD}.Release|Any CPU.ActiveCfg = Release|Any CPU
		{72EB9C89-22B2-4630-BDA6-1596772BD4AD}.Release|Any CPU.Build.0 = Release|Any CPU
		{976B6C36-A917-4F6F-898A-AFF4A3074A82}.Debug|Any CPU.ActiveCfg = Debug|Any CPU
		{976B6C36-A917-4F6F-898A-AFF4A3074A82}.Debug|Any CPU.Build.0 = Debug|Any CPU
		{976B6C36-A917-4F6F-898A-AFF4A3074A82}.Release|Any CPU.ActiveCfg = Release|Any CPU
		{976B6C36-A917-4F6F-898A-AFF4A3074A82}.Release|Any CPU.Build.0 = Release|Any CPU
		{3706E9E9-137E-4ABB-84BC-B5290E74340F}.Debug|Any CPU.ActiveCfg = Debug|Any CPU
		{3706E9E9-137E-4ABB-84BC-B5290E74340F}.Debug|Any CPU.Build.0 = Debug|Any CPU
		{3706E9E9-137E-4ABB-84BC-B5290E74340F}.Release|Any CPU.ActiveCfg = Release|Any CPU
		{3706E9E9-137E-4ABB-84BC-B5290E74340F}.Release|Any CPU.Build.0 = Release|Any CPU
		{AB852B8E-940D-4E91-93C5-A8180EB65F6B}.Debug|Any CPU.ActiveCfg = Debug|Any CPU
		{AB852B8E-940D-4E91-93C5-A8180EB65F6B}.Debug|Any CPU.Build.0 = Debug|Any CPU
		{AB852B8E-940D-4E91-93C5-A8180EB65F6B}.Release|Any CPU.ActiveCfg = Release|Any CPU
		{AB852B8E-940D-4E91-93C5-A8180EB65F6B}.Release|Any CPU.Build.0 = Release|Any CPU
		{F4F9E77D-5A92-4268-BB4F-77B22BD22B72}.Debug|Any CPU.ActiveCfg = Debug|Any CPU
		{F4F9E77D-5A92-4268-BB4F-77B22BD22B72}.Debug|Any CPU.Build.0 = Debug|Any CPU
		{F4F9E77D-5A92-4268-BB4F-77B22BD22B72}.Release|Any CPU.ActiveCfg = Release|Any CPU
		{F4F9E77D-5A92-4268-BB4F-77B22BD22B72}.Release|Any CPU.Build.0 = Release|Any CPU
		{E8E86C66-A3DD-421A-B0F4-6305BAB162B4}.Debug|Any CPU.ActiveCfg = Debug|Any CPU
		{E8E86C66-A3DD-421A-B0F4-6305BAB162B4}.Debug|Any CPU.Build.0 = Debug|Any CPU
		{E8E86C66-A3DD-421A-B0F4-6305BAB162B4}.Release|Any CPU.ActiveCfg = Release|Any CPU
		{E8E86C66-A3DD-421A-B0F4-6305BAB162B4}.Release|Any CPU.Build.0 = Release|Any CPU
		{9D8A97D1-9C7F-4B9B-92CE-D8B5B5D3A88B}.Debug|Any CPU.ActiveCfg = Debug|Any CPU
		{9D8A97D1-9C7F-4B9B-92CE-D8B5B5D3A88B}.Debug|Any CPU.Build.0 = Debug|Any CPU
		{9D8A97D1-9C7F-4B9B-92CE-D8B5B5D3A88B}.Release|Any CPU.ActiveCfg = Release|Any CPU
		{9D8A97D1-9C7F-4B9B-92CE-D8B5B5D3A88B}.Release|Any CPU.Build.0 = Release|Any CPU
	EndGlobalSection
	GlobalSection(SolutionProperties) = preSolution
		HideSolutionNode = FALSE
	EndGlobalSection
	GlobalSection(NestedProjects) = preSolution
		{72EB9C89-22B2-4630-BDA6-1596772BD4AD} = {9390DAFA-A879-47E8-86D1-137B12F0A809}
		{976B6C36-A917-4F6F-898A-AFF4A3074A82} = {8C39B595-BC5D-4819-9F36-85E9E49D9933}
		{3706E9E9-137E-4ABB-84BC-B5290E74340F} = {8C39B595-BC5D-4819-9F36-85E9E49D9933}
		{AB852B8E-940D-4E91-93C5-A8180EB65F6B} = {3064E687-C896-4DA7-9576-021AF60EE0FF}
		{F4F9E77D-5A92-4268-BB4F-77B22BD22B72} = {D5565416-A8FB-495A-A4C6-C39612DF00C4}
		{E8E86C66-A3DD-421A-B0F4-6305BAB162B4} = {D5565416-A8FB-495A-A4C6-C39612DF00C4}
		{9D8A97D1-9C7F-4B9B-92CE-D8B5B5D3A88B} = {8C39B595-BC5D-4819-9F36-85E9E49D9933}
	EndGlobalSection
	GlobalSection(ExtensibilityGlobals) = postSolution
		SolutionGuid = {E5356193-A4B4-4CD2-829C-BDB3ABC50702}
	EndGlobalSection
EndGlobal
