
Microsoft Visual Studio Solution File, Format Version 12.00
# Visual Studio 15
VisualStudioVersion = 15.0.28307.438
MinimumVisualStudioVersion = 10.0.40219.1
Project("{2150E333-8FDC-42A3-9474-1A3956D46DE8}") = "src", "src", "{E5A855BF-744D-4F21-886E-11EFE5D86B3A}"
EndProject
Project("{2150E333-8FDC-42A3-9474-1A3956D46DE8}") = "tests", "tests", "{285FF250-C16C-4711-A46E-FA37DECC9D53}"
EndProject
Project("{9A19103F-16F7-4668-BE54-9A1E7A4F7556}") = "MarketCatalog.API", "src\MarketCatalog.API\MarketCatalog.API.csproj", "{9BD1C58C-CD0D-4FA8-BD11-B8F73D729915}"
EndProject
Project("{FAE04EC0-301F-11D3-BF4B-00C04F79EFBC}") = "MarketCatalog.Tests", "tests\MarketCatalog.Tests\MarketCatalog.Tests.csproj", "{8F9CF858-D248-4A9D-9E19-985D50433600}"
EndProject
Project("{FAE04EC0-301F-11D3-BF4B-00C04F79EFBC}") = "MarketCatalog.Shared", "src\MarketCatalog.Shared\MarketCatalog.Shared.csproj", "{8D70133E-E430-4A73-9EAD-3703A501BA7B}"
EndProject
Global
	GlobalSection(SolutionConfigurationPlatforms) = preSolution
		Debug|Any CPU = Debug|Any CPU
		Release|Any CPU = Release|Any CPU
	EndGlobalSection
	GlobalSection(ProjectConfigurationPlatforms) = postSolution
		{9BD1C58C-CD0D-4FA8-BD11-B8F73D729915}.Debug|Any CPU.ActiveCfg = Debug|Any CPU
		{9BD1C58C-CD0D-4FA8-BD11-B8F73D729915}.Debug|Any CPU.Build.0 = Debug|Any CPU
		{9BD1C58C-CD0D-4FA8-BD11-B8F73D729915}.Release|Any CPU.ActiveCfg = Release|Any CPU
		{9BD1C58C-CD0D-4FA8-BD11-B8F73D729915}.Release|Any CPU.Build.0 = Release|Any CPU
		{8F9CF858-D248-4A9D-9E19-985D50433600}.Debug|Any CPU.ActiveCfg = Debug|Any CPU
		{8F9CF858-D248-4A9D-9E19-985D50433600}.Debug|Any CPU.Build.0 = Debug|Any CPU
		{8F9CF858-D248-4A9D-9E19-985D50433600}.Release|Any CPU.ActiveCfg = Release|Any CPU
		{8F9CF858-D248-4A9D-9E19-985D50433600}.Release|Any CPU.Build.0 = Release|Any CPU
		{8D70133E-E430-4A73-9EAD-3703A501BA7B}.Debug|Any CPU.ActiveCfg = Debug|Any CPU
		{8D70133E-E430-4A73-9EAD-3703A501BA7B}.Debug|Any CPU.Build.0 = Debug|Any CPU
		{8D70133E-E430-4A73-9EAD-3703A501BA7B}.Release|Any CPU.ActiveCfg = Release|Any CPU
		{8D70133E-E430-4A73-9EAD-3703A501BA7B}.Release|Any CPU.Build.0 = Release|Any CPU
	EndGlobalSection
	GlobalSection(SolutionProperties) = preSolution
		HideSolutionNode = FALSE
	EndGlobalSection
	GlobalSection(NestedProjects) = preSolution
		{9BD1C58C-CD0D-4FA8-BD11-B8F73D729915} = {E5A855BF-744D-4F21-886E-11EFE5D86B3A}
		{8F9CF858-D248-4A9D-9E19-985D50433600} = {285FF250-C16C-4711-A46E-FA37DECC9D53}
		{8D70133E-E430-4A73-9EAD-3703A501BA7B} = {E5A855BF-744D-4F21-886E-11EFE5D86B3A}
	EndGlobalSection
	GlobalSection(ExtensibilityGlobals) = postSolution
		SolutionGuid = {F1457A30-EE92-4F84-A67F-5229C5E79B43}
	EndGlobalSection
EndGlobal
